<Solution>
  <Project Path="AgentSDK/AgentSDK.csproj" />
  <Project Path="AgentTestHarness/AgentTestHarness.csproj" />
  <Project Path="ParityRunner/ParityRunner.csproj" />
  <Project Path="Gameplay.Tests/Gameplay.Tests.csproj" />
  <Project Path="Opponent.Tests/Opponent.Tests.csproj" />
  <Project Path="Parity.Tests/Parity.Tests.csproj" />
  <Project Path="PlanningAgent/PlanningAgent.csproj" />
</Solution>
