<Solution>
  <Project Path="AgentSDK/AgentSDK.csproj" />
  <Project Path="AgentTestHarness/AgentTestHarness.csproj" />
  <Project Path="ParityRunner/ParityRunner.csproj" />
  <Project Path="PlanningAgent.Tests/PlanningAgent.Tests.csproj" />
  <Project Path="PlanningAgent/PlanningAgent.csproj" />
</Solution>
